
Microsoft Visual Studio Solution File, Format Version 12.00
# Visual Studio Version 16
VisualStudioVersion = 16.0.32929.386
MinimumVisualStudioVersion = 10.0.40219.1
Project("{FAE04EC0-301F-11D3-BF4B-00C04F79EFBC}") = "umn6", "umn6\umn6.csproj", "{78DDAA46-9B0B-4A00-ADBF-48F126E86F79}"
EndProject
Global
	GlobalSection(SolutionConfigurationPlatforms) = preSolution
		Debug|Any CPU = Debug|Any CPU
		Release|Any CPU = Release|Any CPU
	EndGlobalSection
	GlobalSection(ProjectConfigurationPlatforms) = postSolution
		{78DDAA46-9B0B-4A00-ADBF-48F126E86F79}.Debug|Any CPU.ActiveCfg = Debug|Any CPU
		{78DDAA46-9B0B-4A00-ADBF-48F126E86F79}.Debug|Any CPU.Build.0 = Debug|Any CPU
		{78DDAA46-9B0B-4A00-ADBF-48F126E86F79}.Release|Any CPU.ActiveCfg = Release|Any CPU
		{78DDAA46-9B0B-4A00-ADBF-48F126E86F79}.Release|Any CPU.Build.0 = Release|Any CPU
	EndGlobalSection
	GlobalSection(SolutionProperties) = preSolution
		HideSolutionNode = FALSE
	EndGlobalSection
	GlobalSection(ExtensibilityGlobals) = postSolution
		SolutionGuid = {49F838E9-7277-45E1-9AB3-3FA4DF39047B}
	EndGlobalSection
EndGlobal
